
Microsoft Visual Studio Solution File, Format Version 12.00
# Visual Studio Version 17
VisualStudioVersion = 17.5.33530.505
MinimumVisualStudioVersion = 10.0.40219.1
Project("{FAE04EC0-301F-11D3-BF4B-00C04F79EFBC}") = "Generate pdf", "Generate pdf\Generate pdf.csproj", "{6F30FA42-7D62-4DDC-B2B6-CA5D55D31253}"
EndProject
Global
	GlobalSection(SolutionConfigurationPlatforms) = preSolution
		Debug|Any CPU = Debug|Any CPU
		Release|Any CPU = Release|Any CPU
	EndGlobalSection
	GlobalSection(ProjectConfigurationPlatforms) = postSolution
		{6F30FA42-7D62-4DDC-B2B6-CA5D55D31253}.Debug|Any CPU.ActiveCfg = Debug|Any CPU
		{6F30FA42-7D62-4DDC-B2B6-CA5D55D31253}.Debug|Any CPU.Build.0 = Debug|Any CPU
		{6F30FA42-7D62-4DDC-B2B6-CA5D55D31253}.Release|Any CPU.ActiveCfg = Release|Any CPU
		{6F30FA42-7D62-4DDC-B2B6-CA5D55D31253}.Release|Any CPU.Build.0 = Release|Any CPU
	EndGlobalSection
	GlobalSection(SolutionProperties) = preSolution
		HideSolutionNode = FALSE
	EndGlobalSection
	GlobalSection(ExtensibilityGlobals) = postSolution
		SolutionGuid = {BBE43351-DC69-4D9A-83D0-3D42D8B03CB3}
	EndGlobalSection
EndGlobal
